// !$*UTF8*$!
{
	archiveVersion = 1;
	classes = {
	};
	objectVersion = 56;
	objects = {

/* Begin PBXBuildFile section */
		520743B42A0B99AE008418F4 /* WeatherLoading.gif in Resources */ = {isa = PBXBuildFile; fileRef = 520743B32A0B99AE008418F4 /* WeatherLoading.gif */; };
		52C1EE632A0A415000DD00BD /* AppDelegate.swift in Sources */ = {isa = PBXBuildFile; fileRef = 52C1EE622A0A415000DD00BD /* AppDelegate.swift */; };
		52C1EE652A0A415000DD00BD /* SceneDelegate.swift in Sources */ = {isa = PBXBuildFile; fileRef = 52C1EE642A0A415000DD00BD /* SceneDelegate.swift */; };
		52C1EE6A2A0A415000DD00BD /* Main.storyboard in Resources */ = {isa = PBXBuildFile; fileRef = 52C1EE682A0A415000DD00BD /* Main.storyboard */; };
		52C1EE6C2A0A415300DD00BD /* Assets.xcassets in Resources */ = {isa = PBXBuildFile; fileRef = 52C1EE6B2A0A415300DD00BD /* Assets.xcassets */; };
		52C1EE6F2A0A415300DD00BD /* LaunchScreen.storyboard in Resources */ = {isa = PBXBuildFile; fileRef = 52C1EE6D2A0A415300DD00BD /* LaunchScreen.storyboard */; };
		52C1EE7A2A0A415300DD00BD /* ExoWeatherTests.swift in Sources */ = {isa = PBXBuildFile; fileRef = 52C1EE792A0A415300DD00BD /* ExoWeatherTests.swift */; };
		52C1EE842A0A415300DD00BD /* ExoWeatherUITests.swift in Sources */ = {isa = PBXBuildFile; fileRef = 52C1EE832A0A415300DD00BD /* ExoWeatherUITests.swift */; };
		52C1EE862A0A415300DD00BD /* ExoWeatherUITestsLaunchTests.swift in Sources */ = {isa = PBXBuildFile; fileRef = 52C1EE852A0A415300DD00BD /* ExoWeatherUITestsLaunchTests.swift */; };
		52C1EEA02A0A422300DD00BD /* Constants.swift in Sources */ = {isa = PBXBuildFile; fileRef = 52C1EE9F2A0A422300DD00BD /* Constants.swift */; };
		52C1EEA22A0A424C00DD00BD /* Weather.swift in Sources */ = {isa = PBXBuildFile; fileRef = 52C1EEA12A0A424C00DD00BD /* Weather.swift */; };
		52C1EEA52A0A429400DD00BD /* ErrorManagement.swift in Sources */ = {isa = PBXBuildFile; fileRef = 52C1EEA42A0A429400DD00BD /* ErrorManagement.swift */; };
		52C1EEA82A0A472C00DD00BD /* WeatherService.swift in Sources */ = {isa = PBXBuildFile; fileRef = 52C1EEA72A0A472C00DD00BD /* WeatherService.swift */; };
		52C1EEAA2A0A771B00DD00BD /* Extensions.swift in Sources */ = {isa = PBXBuildFile; fileRef = 52C1EEA92A0A771B00DD00BD /* Extensions.swift */; };
		52C1EEAD2A0A77B800DD00BD /* WeatherDetailsViewController.swift in Sources */ = {isa = PBXBuildFile; fileRef = 52C1EEAB2A0A77B800DD00BD /* WeatherDetailsViewController.swift */; };
		52C1EEAE2A0A77B800DD00BD /* WelcomeViewController.swift in Sources */ = {isa = PBXBuildFile; fileRef = 52C1EEAC2A0A77B800DD00BD /* WelcomeViewController.swift */; };
		52C1EEB12A0A77CE00DD00BD /* WeatherViewCell.xib in Resources */ = {isa = PBXBuildFile; fileRef = 52C1EEAF2A0A77CD00DD00BD /* WeatherViewCell.xib */; };
		52C1EEB22A0A77CE00DD00BD /* WeatherTableViewCell.swift in Sources */ = {isa = PBXBuildFile; fileRef = 52C1EEB02A0A77CD00DD00BD /* WeatherTableViewCell.swift */; };
		617B9ECB44109ED62D534BAD /* Pods_ExoWeather_ExoWeatherUITests.framework in Frameworks */ = {isa = PBXBuildFile; fileRef = 48170A14474E585C497EF801 /* Pods_ExoWeather_ExoWeatherUITests.framework */; };
		628147925BEAD39D48350DFB /* Pods_ExoWeather.framework in Frameworks */ = {isa = PBXBuildFile; fileRef = 1D3F7C6843BA64684B8607C4 /* Pods_ExoWeather.framework */; };
		9CB2BDD3F206F9412070ED63 /* Pods_ExoWeatherTests.framework in Frameworks */ = {isa = PBXBuildFile; fileRef = 80EF17DECB8370B9950DF005 /* Pods_ExoWeatherTests.framework */; };
/* End PBXBuildFile section */

/* Begin PBXContainerItemProxy section */
		52C1EE762A0A415300DD00BD /* PBXContainerItemProxy */ = {
			isa = PBXContainerItemProxy;
			containerPortal = 52C1EE572A0A415000DD00BD /* Project object */;
			proxyType = 1;
			remoteGlobalIDString = 52C1EE5E2A0A415000DD00BD;
			remoteInfo = ExoWeather;
		};
		52C1EE802A0A415300DD00BD /* PBXContainerItemProxy */ = {
			isa = PBXContainerItemProxy;
			containerPortal = 52C1EE572A0A415000DD00BD /* Project object */;
			proxyType = 1;
			remoteGlobalIDString = 52C1EE5E2A0A415000DD00BD;
			remoteInfo = ExoWeather;
		};
/* End PBXContainerItemProxy section */

/* Begin PBXFileReference section */
		1D3F7C6843BA64684B8607C4 /* Pods_ExoWeather.framework */ = {isa = PBXFileReference; explicitFileType = wrapper.framework; includeInIndex = 0; path = Pods_ExoWeather.framework; sourceTree = BUILT_PRODUCTS_DIR; };
		48170A14474E585C497EF801 /* Pods_ExoWeather_ExoWeatherUITests.framework */ = {isa = PBXFileReference; explicitFileType = wrapper.framework; includeInIndex = 0; path = Pods_ExoWeather_ExoWeatherUITests.framework; sourceTree = BUILT_PRODUCTS_DIR; };
		520743B32A0B99AE008418F4 /* WeatherLoading.gif */ = {isa = PBXFileReference; lastKnownFileType = image.gif; name = WeatherLoading.gif; path = ../../../../Downloads/WeatherLoading.gif; sourceTree = "<group>"; };
		52C1EE5F2A0A415000DD00BD /* ExoWeather.app */ = {isa = PBXFileReference; explicitFileType = wrapper.application; includeInIndex = 0; path = ExoWeather.app; sourceTree = BUILT_PRODUCTS_DIR; };
		52C1EE622A0A415000DD00BD /* AppDelegate.swift */ = {isa = PBXFileReference; lastKnownFileType = sourcecode.swift; path = AppDelegate.swift; sourceTree = "<group>"; };
		52C1EE642A0A415000DD00BD /* SceneDelegate.swift */ = {isa = PBXFileReference; lastKnownFileType = sourcecode.swift; path = SceneDelegate.swift; sourceTree = "<group>"; };
		52C1EE692A0A415000DD00BD /* Base */ = {isa = PBXFileReference; lastKnownFileType = file.storyboard; name = Base; path = Base.lproj/Main.storyboard; sourceTree = "<group>"; };
		52C1EE6B2A0A415300DD00BD /* Assets.xcassets */ = {isa = PBXFileReference; lastKnownFileType = folder.assetcatalog; path = Assets.xcassets; sourceTree = "<group>"; };
		52C1EE6E2A0A415300DD00BD /* Base */ = {isa = PBXFileReference; lastKnownFileType = file.storyboard; name = Base; path = Base.lproj/LaunchScreen.storyboard; sourceTree = "<group>"; };
		52C1EE702A0A415300DD00BD /* Info.plist */ = {isa = PBXFileReference; lastKnownFileType = text.plist.xml; path = Info.plist; sourceTree = "<group>"; };
		52C1EE752A0A415300DD00BD /* ExoWeatherTests.xctest */ = {isa = PBXFileReference; explicitFileType = wrapper.cfbundle; includeInIndex = 0; path = ExoWeatherTests.xctest; sourceTree = BUILT_PRODUCTS_DIR; };
		52C1EE792A0A415300DD00BD /* ExoWeatherTests.swift */ = {isa = PBXFileReference; lastKnownFileType = sourcecode.swift; path = ExoWeatherTests.swift; sourceTree = "<group>"; };
		52C1EE7F2A0A415300DD00BD /* ExoWeatherUITests.xctest */ = {isa = PBXFileReference; explicitFileType = wrapper.cfbundle; includeInIndex = 0; path = ExoWeatherUITests.xctest; sourceTree = BUILT_PRODUCTS_DIR; };
		52C1EE832A0A415300DD00BD /* ExoWeatherUITests.swift */ = {isa = PBXFileReference; lastKnownFileType = sourcecode.swift; path = ExoWeatherUITests.swift; sourceTree = "<group>"; };
		52C1EE852A0A415300DD00BD /* ExoWeatherUITestsLaunchTests.swift */ = {isa = PBXFileReference; lastKnownFileType = sourcecode.swift; path = ExoWeatherUITestsLaunchTests.swift; sourceTree = "<group>"; };
		52C1EE9F2A0A422300DD00BD /* Constants.swift */ = {isa = PBXFileReference; lastKnownFileType = sourcecode.swift; path = Constants.swift; sourceTree = "<group>"; };
		52C1EEA12A0A424C00DD00BD /* Weather.swift */ = {isa = PBXFileReference; lastKnownFileType = sourcecode.swift; path = Weather.swift; sourceTree = "<group>"; };
		52C1EEA42A0A429400DD00BD /* ErrorManagement.swift */ = {isa = PBXFileReference; lastKnownFileType = sourcecode.swift; path = ErrorManagement.swift; sourceTree = "<group>"; };
		52C1EEA72A0A472C00DD00BD /* WeatherService.swift */ = {isa = PBXFileReference; lastKnownFileType = sourcecode.swift; path = WeatherService.swift; sourceTree = "<group>"; };
		52C1EEA92A0A771B00DD00BD /* Extensions.swift */ = {isa = PBXFileReference; lastKnownFileType = sourcecode.swift; path = Extensions.swift; sourceTree = "<group>"; };
		52C1EEAB2A0A77B800DD00BD /* WeatherDetailsViewController.swift */ = {isa = PBXFileReference; fileEncoding = 4; lastKnownFileType = sourcecode.swift; path = WeatherDetailsViewController.swift; sourceTree = "<group>"; };
		52C1EEAC2A0A77B800DD00BD /* WelcomeViewController.swift */ = {isa = PBXFileReference; fileEncoding = 4; lastKnownFileType = sourcecode.swift; path = WelcomeViewController.swift; sourceTree = "<group>"; };
		52C1EEAF2A0A77CD00DD00BD /* WeatherViewCell.xib */ = {isa = PBXFileReference; fileEncoding = 4; lastKnownFileType = file.xib; path = WeatherViewCell.xib; sourceTree = "<group>"; };
		52C1EEB02A0A77CD00DD00BD /* WeatherTableViewCell.swift */ = {isa = PBXFileReference; fileEncoding = 4; lastKnownFileType = sourcecode.swift; path = WeatherTableViewCell.swift; sourceTree = "<group>"; };
		64CF74B92AF22892A179A6FD /* Pods-ExoWeather-ExoWeatherUITests.release.xcconfig */ = {isa = PBXFileReference; includeInIndex = 1; lastKnownFileType = text.xcconfig; name = "Pods-ExoWeather-ExoWeatherUITests.release.xcconfig"; path = "Target Support Files/Pods-ExoWeather-ExoWeatherUITests/Pods-ExoWeather-ExoWeatherUITests.release.xcconfig"; sourceTree = "<group>"; };
		6A95EB849766CBBBEB93983C /* Pods-ExoWeatherTests.release.xcconfig */ = {isa = PBXFileReference; includeInIndex = 1; lastKnownFileType = text.xcconfig; name = "Pods-ExoWeatherTests.release.xcconfig"; path = "Target Support Files/Pods-ExoWeatherTests/Pods-ExoWeatherTests.release.xcconfig"; sourceTree = "<group>"; };
		7AED34A653C04D6ACD993D47 /* Pods-ExoWeather-ExoWeatherUITests.debug.xcconfig */ = {isa = PBXFileReference; includeInIndex = 1; lastKnownFileType = text.xcconfig; name = "Pods-ExoWeather-ExoWeatherUITests.debug.xcconfig"; path = "Target Support Files/Pods-ExoWeather-ExoWeatherUITests/Pods-ExoWeather-ExoWeatherUITests.debug.xcconfig"; sourceTree = "<group>"; };
		80EF17DECB8370B9950DF005 /* Pods_ExoWeatherTests.framework */ = {isa = PBXFileReference; explicitFileType = wrapper.framework; includeInIndex = 0; path = Pods_ExoWeatherTests.framework; sourceTree = BUILT_PRODUCTS_DIR; };
		90D61A5ED79671E59191FF24 /* Pods-ExoWeatherTests.debug.xcconfig */ = {isa = PBXFileReference; includeInIndex = 1; lastKnownFileType = text.xcconfig; name = "Pods-ExoWeatherTests.debug.xcconfig"; path = "Target Support Files/Pods-ExoWeatherTests/Pods-ExoWeatherTests.debug.xcconfig"; sourceTree = "<group>"; };
		EC11153FABB1758364FE7309 /* Pods-ExoWeather.release.xcconfig */ = {isa = PBXFileReference; includeInIndex = 1; lastKnownFileType = text.xcconfig; name = "Pods-ExoWeather.release.xcconfig"; path = "Target Support Files/Pods-ExoWeather/Pods-ExoWeather.release.xcconfig"; sourceTree = "<group>"; };
		FABBCC5E225E88971C834968 /* Pods-ExoWeather.debug.xcconfig */ = {isa = PBXFileReference; includeInIndex = 1; lastKnownFileType = text.xcconfig; name = "Pods-ExoWeather.debug.xcconfig"; path = "Target Support Files/Pods-ExoWeather/Pods-ExoWeather.debug.xcconfig"; sourceTree = "<group>"; };
/* End PBXFileReference section */

/* Begin PBXFrameworksBuildPhase section */
		52C1EE5C2A0A415000DD00BD /* Frameworks */ = {
			isa = PBXFrameworksBuildPhase;
			buildActionMask = 2147483647;
			files = (
				628147925BEAD39D48350DFB /* Pods_ExoWeather.framework in Frameworks */,
			);
			runOnlyForDeploymentPostprocessing = 0;
		};
		52C1EE722A0A415300DD00BD /* Frameworks */ = {
			isa = PBXFrameworksBuildPhase;
			buildActionMask = 2147483647;
			files = (
				9CB2BDD3F206F9412070ED63 /* Pods_ExoWeatherTests.framework in Frameworks */,
			);
			runOnlyForDeploymentPostprocessing = 0;
		};
		52C1EE7C2A0A415300DD00BD /* Frameworks */ = {
			isa = PBXFrameworksBuildPhase;
			buildActionMask = 2147483647;
			files = (
				617B9ECB44109ED62D534BAD /* Pods_ExoWeather_ExoWeatherUITests.framework in Frameworks */,
			);
			runOnlyForDeploymentPostprocessing = 0;
		};
/* End PBXFrameworksBuildPhase section */

/* Begin PBXGroup section */
		3000387651CC819345F439C3 /* Frameworks */ = {
			isa = PBXGroup;
			children = (
				1D3F7C6843BA64684B8607C4 /* Pods_ExoWeather.framework */,
				48170A14474E585C497EF801 /* Pods_ExoWeather_ExoWeatherUITests.framework */,
				80EF17DECB8370B9950DF005 /* Pods_ExoWeatherTests.framework */,
			);
			name = Frameworks;
			sourceTree = "<group>";
		};
		520743B52A0BD55C008418F4 /* WeatherViewCell */ = {
			isa = PBXGroup;
			children = (
				52C1EEB02A0A77CD00DD00BD /* WeatherTableViewCell.swift */,
				52C1EEAF2A0A77CD00DD00BD /* WeatherViewCell.xib */,
			);
			path = WeatherViewCell;
			sourceTree = "<group>";
		};
		52C1EE562A0A415000DD00BD = {
			isa = PBXGroup;
			children = (
				52C1EE612A0A415000DD00BD /* ExoWeather */,
				52C1EE782A0A415300DD00BD /* ExoWeatherTests */,
				52C1EE822A0A415300DD00BD /* ExoWeatherUITests */,
				52C1EE602A0A415000DD00BD /* Products */,
				D945613C28A47B11D98BD470 /* Pods */,
				3000387651CC819345F439C3 /* Frameworks */,
			);
			sourceTree = "<group>";
		};
		52C1EE602A0A415000DD00BD /* Products */ = {
			isa = PBXGroup;
			children = (
				52C1EE5F2A0A415000DD00BD /* ExoWeather.app */,
				52C1EE752A0A415300DD00BD /* ExoWeatherTests.xctest */,
				52C1EE7F2A0A415300DD00BD /* ExoWeatherUITests.xctest */,
			);
			name = Products;
			sourceTree = "<group>";
		};
		52C1EE612A0A415000DD00BD /* ExoWeather */ = {
			isa = PBXGroup;
			children = (
				52C1EEA32A0A428800DD00BD /* Service */,
				52C1EE9E2A0A421300DD00BD /* Shared */,
				52C1EE952A0A41A100DD00BD /* Controller */,
				52C1EE942A0A419B00DD00BD /* Model */,
				52C1EE932A0A418000DD00BD /* View */,
				52C1EE922A0A416E00DD00BD /* Global */,
				52C1EE702A0A415300DD00BD /* Info.plist */,
			);
			path = ExoWeather;
			sourceTree = "<group>";
		};
		52C1EE782A0A415300DD00BD /* ExoWeatherTests */ = {
			isa = PBXGroup;
			children = (
				52C1EE792A0A415300DD00BD /* ExoWeatherTests.swift */,
			);
			path = ExoWeatherTests;
			sourceTree = "<group>";
		};
		52C1EE822A0A415300DD00BD /* ExoWeatherUITests */ = {
			isa = PBXGroup;
			children = (
				52C1EE832A0A415300DD00BD /* ExoWeatherUITests.swift */,
				52C1EE852A0A415300DD00BD /* ExoWeatherUITestsLaunchTests.swift */,
			);
			path = ExoWeatherUITests;
			sourceTree = "<group>";
		};
		52C1EE922A0A416E00DD00BD /* Global */ = {
			isa = PBXGroup;
			children = (
				520743B32A0B99AE008418F4 /* WeatherLoading.gif */,
				52C1EE622A0A415000DD00BD /* AppDelegate.swift */,
				52C1EE642A0A415000DD00BD /* SceneDelegate.swift */,
				52C1EE6B2A0A415300DD00BD /* Assets.xcassets */,
			);
			path = Global;
			sourceTree = "<group>";
		};
		52C1EE932A0A418000DD00BD /* View */ = {
			isa = PBXGroup;
			children = (
				520743B52A0BD55C008418F4 /* WeatherViewCell */,
				52C1EE682A0A415000DD00BD /* Main.storyboard */,
				52C1EE6D2A0A415300DD00BD /* LaunchScreen.storyboard */,
			);
			path = View;
			sourceTree = "<group>";
		};
		52C1EE942A0A419B00DD00BD /* Model */ = {
			isa = PBXGroup;
			children = (
				52C1EEA12A0A424C00DD00BD /* Weather.swift */,
			);
			path = Model;
			sourceTree = "<group>";
		};
		52C1EE952A0A41A100DD00BD /* Controller */ = {
			isa = PBXGroup;
			children = (
				52C1EEAB2A0A77B800DD00BD /* WeatherDetailsViewController.swift */,
				52C1EEAC2A0A77B800DD00BD /* WelcomeViewController.swift */,
			);
			path = Controller;
			sourceTree = "<group>";
		};
		52C1EE9E2A0A421300DD00BD /* Shared */ = {
			isa = PBXGroup;
			children = (
				52C1EE9F2A0A422300DD00BD /* Constants.swift */,
				52C1EEA92A0A771B00DD00BD /* Extensions.swift */,
			);
			path = Shared;
			sourceTree = "<group>";
		};
		52C1EEA32A0A428800DD00BD /* Service */ = {
			isa = PBXGroup;
			children = (
				52C1EEA42A0A429400DD00BD /* ErrorManagement.swift */,
				52C1EEA72A0A472C00DD00BD /* WeatherService.swift */,
			);
			path = Service;
			sourceTree = "<group>";
		};
		D945613C28A47B11D98BD470 /* Pods */ = {
			isa = PBXGroup;
			children = (
				FABBCC5E225E88971C834968 /* Pods-ExoWeather.debug.xcconfig */,
				EC11153FABB1758364FE7309 /* Pods-ExoWeather.release.xcconfig */,
				7AED34A653C04D6ACD993D47 /* Pods-ExoWeather-ExoWeatherUITests.debug.xcconfig */,
				64CF74B92AF22892A179A6FD /* Pods-ExoWeather-ExoWeatherUITests.release.xcconfig */,
				90D61A5ED79671E59191FF24 /* Pods-ExoWeatherTests.debug.xcconfig */,
				6A95EB849766CBBBEB93983C /* Pods-ExoWeatherTests.release.xcconfig */,
			);
			path = Pods;
			sourceTree = "<group>";
		};
/* End PBXGroup section */

/* Begin PBXNativeTarget section */
		52C1EE5E2A0A415000DD00BD /* ExoWeather */ = {
			isa = PBXNativeTarget;
			buildConfigurationList = 52C1EE892A0A415300DD00BD /* Build configuration list for PBXNativeTarget "ExoWeather" */;
			buildPhases = (
				9ACECD6D644E1A606B47F26F /* [CP] Check Pods Manifest.lock */,
				52C1EE5B2A0A415000DD00BD /* Sources */,
				52C1EE5C2A0A415000DD00BD /* Frameworks */,
				52C1EE5D2A0A415000DD00BD /* Resources */,
				A5C03C469C85A23077DBEEF1 /* [CP] Embed Pods Frameworks */,
			);
			buildRules = (
			);
			dependencies = (
			);
			name = ExoWeather;
			productName = ExoWeather;
			productReference = 52C1EE5F2A0A415000DD00BD /* ExoWeather.app */;
			productType = "com.apple.product-type.application";
		};
		52C1EE742A0A415300DD00BD /* ExoWeatherTests */ = {
			isa = PBXNativeTarget;
			buildConfigurationList = 52C1EE8C2A0A415300DD00BD /* Build configuration list for PBXNativeTarget "ExoWeatherTests" */;
			buildPhases = (
				BA57785D21E8921D39B11D54 /* [CP] Check Pods Manifest.lock */,
				52C1EE712A0A415300DD00BD /* Sources */,
				52C1EE722A0A415300DD00BD /* Frameworks */,
				52C1EE732A0A415300DD00BD /* Resources */,
			);
			buildRules = (
			);
			dependencies = (
				52C1EE772A0A415300DD00BD /* PBXTargetDependency */,
			);
			name = ExoWeatherTests;
			productName = ExoWeatherTests;
			productReference = 52C1EE752A0A415300DD00BD /* ExoWeatherTests.xctest */;
			productType = "com.apple.product-type.bundle.unit-test";
		};
		52C1EE7E2A0A415300DD00BD /* ExoWeatherUITests */ = {
			isa = PBXNativeTarget;
			buildConfigurationList = 52C1EE8F2A0A415300DD00BD /* Build configuration list for PBXNativeTarget "ExoWeatherUITests" */;
			buildPhases = (
				E320D11685644C68994A895E /* [CP] Check Pods Manifest.lock */,
				52C1EE7B2A0A415300DD00BD /* Sources */,
				52C1EE7C2A0A415300DD00BD /* Frameworks */,
				52C1EE7D2A0A415300DD00BD /* Resources */,
				1DDF9C78EF3303791D6B96AF /* [CP] Embed Pods Frameworks */,
			);
			buildRules = (
			);
			dependencies = (
				52C1EE812A0A415300DD00BD /* PBXTargetDependency */,
			);
			name = ExoWeatherUITests;
			productName = ExoWeatherUITests;
			productReference = 52C1EE7F2A0A415300DD00BD /* ExoWeatherUITests.xctest */;
			productType = "com.apple.product-type.bundle.ui-testing";
		};
/* End PBXNativeTarget section */

/* Begin PBXProject section */
		52C1EE572A0A415000DD00BD /* Project object */ = {
			isa = PBXProject;
			attributes = {
				BuildIndependentTargetsInParallel = 1;
				LastSwiftUpdateCheck = 1430;
				LastUpgradeCheck = 1430;
				TargetAttributes = {
					52C1EE5E2A0A415000DD00BD = {
						CreatedOnToolsVersion = 14.3;
					};
					52C1EE742A0A415300DD00BD = {
						CreatedOnToolsVersion = 14.3;
						TestTargetID = 52C1EE5E2A0A415000DD00BD;
					};
					52C1EE7E2A0A415300DD00BD = {
						CreatedOnToolsVersion = 14.3;
						TestTargetID = 52C1EE5E2A0A415000DD00BD;
					};
				};
			};
			buildConfigurationList = 52C1EE5A2A0A415000DD00BD /* Build configuration list for PBXProject "ExoWeather" */;
			compatibilityVersion = "Xcode 14.0";
			developmentRegion = en;
			hasScannedForEncodings = 0;
			knownRegions = (
				en,
				Base,
			);
			mainGroup = 52C1EE562A0A415000DD00BD;
			productRefGroup = 52C1EE602A0A415000DD00BD /* Products */;
			projectDirPath = "";
			projectRoot = "";
			targets = (
				52C1EE5E2A0A415000DD00BD /* ExoWeather */,
				52C1EE742A0A415300DD00BD /* ExoWeatherTests */,
				52C1EE7E2A0A415300DD00BD /* ExoWeatherUITests */,
			);
		};
/* End PBXProject section */

/* Begin PBXResourcesBuildPhase section */
		52C1EE5D2A0A415000DD00BD /* Resources */ = {
			isa = PBXResourcesBuildPhase;
			buildActionMask = 2147483647;
			files = (
				52C1EE6F2A0A415300DD00BD /* LaunchScreen.storyboard in Resources */,
				52C1EE6C2A0A415300DD00BD /* Assets.xcassets in Resources */,
				52C1EE6A2A0A415000DD00BD /* Main.storyboard in Resources */,
				520743B42A0B99AE008418F4 /* WeatherLoading.gif in Resources */,
				52C1EEB12A0A77CE00DD00BD /* WeatherViewCell.xib in Resources */,
			);
			runOnlyForDeploymentPostprocessing = 0;
		};
		52C1EE732A0A415300DD00BD /* Resources */ = {
			isa = PBXResourcesBuildPhase;
			buildActionMask = 2147483647;
			files = (
			);
			runOnlyForDeploymentPostprocessing = 0;
		};
		52C1EE7D2A0A415300DD00BD /* Resources */ = {
			isa = PBXResourcesBuildPhase;
			buildActionMask = 2147483647;
			files = (
			);
			runOnlyForDeploymentPostprocessing = 0;
		};
/* End PBXResourcesBuildPhase section */

/* Begin PBXShellScriptBuildPhase section */
		1DDF9C78EF3303791D6B96AF /* [CP] Embed Pods Frameworks */ = {
			isa = PBXShellScriptBuildPhase;
			buildActionMask = 2147483647;
			files = (
			);
			inputFileListPaths = (
				"${PODS_ROOT}/Target Support Files/Pods-ExoWeather-ExoWeatherUITests/Pods-ExoWeather-ExoWeatherUITests-frameworks-${CONFIGURATION}-input-files.xcfilelist",
			);
			name = "[CP] Embed Pods Frameworks";
			outputFileListPaths = (
				"${PODS_ROOT}/Target Support Files/Pods-ExoWeather-ExoWeatherUITests/Pods-ExoWeather-ExoWeatherUITests-frameworks-${CONFIGURATION}-output-files.xcfilelist",
			);
			runOnlyForDeploymentPostprocessing = 0;
			shellPath = /bin/sh;
			shellScript = "\"${PODS_ROOT}/Target Support Files/Pods-ExoWeather-ExoWeatherUITests/Pods-ExoWeather-ExoWeatherUITests-frameworks.sh\"\n";
			showEnvVarsInLog = 0;
		};
		9ACECD6D644E1A606B47F26F /* [CP] Check Pods Manifest.lock */ = {
			isa = PBXShellScriptBuildPhase;
			buildActionMask = 2147483647;
			files = (
			);
			inputFileListPaths = (
			);
			inputPaths = (
				"${PODS_PODFILE_DIR_PATH}/Podfile.lock",
				"${PODS_ROOT}/Manifest.lock",
			);
			name = "[CP] Check Pods Manifest.lock";
			outputFileListPaths = (
			);
			outputPaths = (
				"$(DERIVED_FILE_DIR)/Pods-ExoWeather-checkManifestLockResult.txt",
			);
			runOnlyForDeploymentPostprocessing = 0;
			shellPath = /bin/sh;
			shellScript = "diff \"${PODS_PODFILE_DIR_PATH}/Podfile.lock\" \"${PODS_ROOT}/Manifest.lock\" > /dev/null\nif [ $? != 0 ] ; then\n    # print error to STDERR\n    echo \"error: The sandbox is not in sync with the Podfile.lock. Run 'pod install' or update your CocoaPods installation.\" >&2\n    exit 1\nfi\n# This output is used by Xcode 'outputs' to avoid re-running this script phase.\necho \"SUCCESS\" > \"${SCRIPT_OUTPUT_FILE_0}\"\n";
			showEnvVarsInLog = 0;
		};
		A5C03C469C85A23077DBEEF1 /* [CP] Embed Pods Frameworks */ = {
			isa = PBXShellScriptBuildPhase;
			buildActionMask = 2147483647;
			files = (
			);
			inputFileListPaths = (
				"${PODS_ROOT}/Target Support Files/Pods-ExoWeather/Pods-ExoWeather-frameworks-${CONFIGURATION}-input-files.xcfilelist",
			);
			name = "[CP] Embed Pods Frameworks";
			outputFileListPaths = (
				"${PODS_ROOT}/Target Support Files/Pods-ExoWeather/Pods-ExoWeather-frameworks-${CONFIGURATION}-output-files.xcfilelist",
			);
			runOnlyForDeploymentPostprocessing = 0;
			shellPath = /bin/sh;
			shellScript = "\"${PODS_ROOT}/Target Support Files/Pods-ExoWeather/Pods-ExoWeather-frameworks.sh\"\n";
			showEnvVarsInLog = 0;
		};
		BA57785D21E8921D39B11D54 /* [CP] Check Pods Manifest.lock */ = {
			isa = PBXShellScriptBuildPhase;
			buildActionMask = 2147483647;
			files = (
			);
			inputFileListPaths = (
			);
			inputPaths = (
				"${PODS_PODFILE_DIR_PATH}/Podfile.lock",
				"${PODS_ROOT}/Manifest.lock",
			);
			name = "[CP] Check Pods Manifest.lock";
			outputFileListPaths = (
			);
			outputPaths = (
				"$(DERIVED_FILE_DIR)/Pods-ExoWeatherTests-checkManifestLockResult.txt",
			);
			runOnlyForDeploymentPostprocessing = 0;
			shellPath = /bin/sh;
			shellScript = "diff \"${PODS_PODFILE_DIR_PATH}/Podfile.lock\" \"${PODS_ROOT}/Manifest.lock\" > /dev/null\nif [ $? != 0 ] ; then\n    # print error to STDERR\n    echo \"error: The sandbox is not in sync with the Podfile.lock. Run 'pod install' or update your CocoaPods installation.\" >&2\n    exit 1\nfi\n# This output is used by Xcode 'outputs' to avoid re-running this script phase.\necho \"SUCCESS\" > \"${SCRIPT_OUTPUT_FILE_0}\"\n";
			showEnvVarsInLog = 0;
		};
		E320D11685644C68994A895E /* [CP] Check Pods Manifest.lock */ = {
			isa = PBXShellScriptBuildPhase;
			buildActionMask = 2147483647;
			files = (
			);
			inputFileListPaths = (
			);
			inputPaths = (
				"${PODS_PODFILE_DIR_PATH}/Podfile.lock",
				"${PODS_ROOT}/Manifest.lock",
			);
			name = "[CP] Check Pods Manifest.lock";
			outputFileListPaths = (
			);
			outputPaths = (
				"$(DERIVED_FILE_DIR)/Pods-ExoWeather-ExoWeatherUITests-checkManifestLockResult.txt",
			);
			runOnlyForDeploymentPostprocessing = 0;
			shellPath = /bin/sh;
			shellScript = "diff \"${PODS_PODFILE_DIR_PATH}/Podfile.lock\" \"${PODS_ROOT}/Manifest.lock\" > /dev/null\nif [ $? != 0 ] ; then\n    # print error to STDERR\n    echo \"error: The sandbox is not in sync with the Podfile.lock. Run 'pod install' or update your CocoaPods installation.\" >&2\n    exit 1\nfi\n# This output is used by Xcode 'outputs' to avoid re-running this script phase.\necho \"SUCCESS\" > \"${SCRIPT_OUTPUT_FILE_0}\"\n";
			showEnvVarsInLog = 0;
		};
/* End PBXShellScriptBuildPhase section */

/* Begin PBXSourcesBuildPhase section */
		52C1EE5B2A0A415000DD00BD /* Sources */ = {
			isa = PBXSourcesBuildPhase;
			buildActionMask = 2147483647;
			files = (
				52C1EEB22A0A77CE00DD00BD /* WeatherTableViewCell.swift in Sources */,
				52C1EEAE2A0A77B800DD00BD /* WelcomeViewController.swift in Sources */,
				52C1EEA52A0A429400DD00BD /* ErrorManagement.swift in Sources */,
				52C1EEA82A0A472C00DD00BD /* WeatherService.swift in Sources */,
				52C1EE632A0A415000DD00BD /* AppDelegate.swift in Sources */,
				52C1EE652A0A415000DD00BD /* SceneDelegate.swift in Sources */,
				52C1EEA02A0A422300DD00BD /* Constants.swift in Sources */,
				52C1EEAD2A0A77B800DD00BD /* WeatherDetailsViewController.swift in Sources */,
				52C1EEA22A0A424C00DD00BD /* Weather.swift in Sources */,
				52C1EEAA2A0A771B00DD00BD /* Extensions.swift in Sources */,
			);
			runOnlyForDeploymentPostprocessing = 0;
		};
		52C1EE712A0A415300DD00BD /* Sources */ = {
			isa = PBXSourcesBuildPhase;
			buildActionMask = 2147483647;
			files = (
				52C1EE7A2A0A415300DD00BD /* ExoWeatherTests.swift in Sources */,
			);
			runOnlyForDeploymentPostprocessing = 0;
		};
		52C1EE7B2A0A415300DD00BD /* Sources */ = {
			isa = PBXSourcesBuildPhase;
			buildActionMask = 2147483647;
			files = (
				52C1EE862A0A415300DD00BD /* ExoWeatherUITestsLaunchTests.swift in Sources */,
				52C1EE842A0A415300DD00BD /* ExoWeatherUITests.swift in Sources */,
			);
			runOnlyForDeploymentPostprocessing = 0;
		};
/* End PBXSourcesBuildPhase section */

/* Begin PBXTargetDependency section */
		52C1EE772A0A415300DD00BD /* PBXTargetDependency */ = {
			isa = PBXTargetDependency;
			target = 52C1EE5E2A0A415000DD00BD /* ExoWeather */;
			targetProxy = 52C1EE762A0A415300DD00BD /* PBXContainerItemProxy */;
		};
		52C1EE812A0A415300DD00BD /* PBXTargetDependency */ = {
			isa = PBXTargetDependency;
			target = 52C1EE5E2A0A415000DD00BD /* ExoWeather */;
			targetProxy = 52C1EE802A0A415300DD00BD /* PBXContainerItemProxy */;
		};
/* End PBXTargetDependency section */

/* Begin PBXVariantGroup section */
		52C1EE682A0A415000DD00BD /* Main.storyboard */ = {
			isa = PBXVariantGroup;
			children = (
				52C1EE692A0A415000DD00BD /* Base */,
			);
			name = Main.storyboard;
			sourceTree = "<group>";
		};
		52C1EE6D2A0A415300DD00BD /* LaunchScreen.storyboard */ = {
			isa = PBXVariantGroup;
			children = (
				52C1EE6E2A0A415300DD00BD /* Base */,
			);
			name = LaunchScreen.storyboard;
			sourceTree = "<group>";
		};
/* End PBXVariantGroup section */

/* Begin XCBuildConfiguration section */
		52C1EE872A0A415300DD00BD /* Debug */ = {
			isa = XCBuildConfiguration;
			buildSettings = {
				ALWAYS_SEARCH_USER_PATHS = NO;
				CLANG_ANALYZER_NONNULL = YES;
				CLANG_ANALYZER_NUMBER_OBJECT_CONVERSION = YES_AGGRESSIVE;
				CLANG_CXX_LANGUAGE_STANDARD = "gnu++20";
				CLANG_ENABLE_MODULES = YES;
				CLANG_ENABLE_OBJC_ARC = YES;
				CLANG_ENABLE_OBJC_WEAK = YES;
				CLANG_WARN_BLOCK_CAPTURE_AUTORELEASING = YES;
				CLANG_WARN_BOOL_CONVERSION = YES;
				CLANG_WARN_COMMA = YES;
				CLANG_WARN_CONSTANT_CONVERSION = YES;
				CLANG_WARN_DEPRECATED_OBJC_IMPLEMENTATIONS = YES;
				CLANG_WARN_DIRECT_OBJC_ISA_USAGE = YES_ERROR;
				CLANG_WARN_DOCUMENTATION_COMMENTS = YES;
				CLANG_WARN_EMPTY_BODY = YES;
				CLANG_WARN_ENUM_CONVERSION = YES;
				CLANG_WARN_INFINITE_RECURSION = YES;
				CLANG_WARN_INT_CONVERSION = YES;
				CLANG_WARN_NON_LITERAL_NULL_CONVERSION = YES;
				CLANG_WARN_OBJC_IMPLICIT_RETAIN_SELF = YES;
				CLANG_WARN_OBJC_LITERAL_CONVERSION = YES;
				CLANG_WARN_OBJC_ROOT_CLASS = YES_ERROR;
				CLANG_WARN_QUOTED_INCLUDE_IN_FRAMEWORK_HEADER = YES;
				CLANG_WARN_RANGE_LOOP_ANALYSIS = YES;
				CLANG_WARN_STRICT_PROTOTYPES = YES;
				CLANG_WARN_SUSPICIOUS_MOVE = YES;
				CLANG_WARN_UNGUARDED_AVAILABILITY = YES_AGGRESSIVE;
				CLANG_WARN_UNREACHABLE_CODE = YES;
				CLANG_WARN__DUPLICATE_METHOD_MATCH = YES;
				COPY_PHASE_STRIP = NO;
				DEBUG_INFORMATION_FORMAT = dwarf;
				ENABLE_STRICT_OBJC_MSGSEND = YES;
				ENABLE_TESTABILITY = YES;
				GCC_C_LANGUAGE_STANDARD = gnu11;
				GCC_DYNAMIC_NO_PIC = NO;
				GCC_NO_COMMON_BLOCKS = YES;
				GCC_OPTIMIZATION_LEVEL = 0;
				GCC_PREPROCESSOR_DEFINITIONS = (
					"DEBUG=1",
					"$(inherited)",
				);
				GCC_WARN_64_TO_32_BIT_CONVERSION = YES;
				GCC_WARN_ABOUT_RETURN_TYPE = YES_ERROR;
				GCC_WARN_UNDECLARED_SELECTOR = YES;
				GCC_WARN_UNINITIALIZED_AUTOS = YES_AGGRESSIVE;
				GCC_WARN_UNUSED_FUNCTION = YES;
				GCC_WARN_UNUSED_VARIABLE = YES;
				IPHONEOS_DEPLOYMENT_TARGET = 16.4;
				MTL_ENABLE_DEBUG_INFO = INCLUDE_SOURCE;
				MTL_FAST_MATH = YES;
				ONLY_ACTIVE_ARCH = YES;
				SDKROOT = iphoneos;
				SWIFT_ACTIVE_COMPILATION_CONDITIONS = DEBUG;
				SWIFT_OPTIMIZATION_LEVEL = "-Onone";
			};
			name = Debug;
		};
		52C1EE882A0A415300DD00BD /* Release */ = {
			isa = XCBuildConfiguration;
			buildSettings = {
				ALWAYS_SEARCH_USER_PATHS = NO;
				CLANG_ANALYZER_NONNULL = YES;
				CLANG_ANALYZER_NUMBER_OBJECT_CONVERSION = YES_AGGRESSIVE;
				CLANG_CXX_LANGUAGE_STANDARD = "gnu++20";
				CLANG_ENABLE_MODULES = YES;
				CLANG_ENABLE_OBJC_ARC = YES;
				CLANG_ENABLE_OBJC_WEAK = YES;
				CLANG_WARN_BLOCK_CAPTURE_AUTORELEASING = YES;
				CLANG_WARN_BOOL_CONVERSION = YES;
				CLANG_WARN_COMMA = YES;
				CLANG_WARN_CONSTANT_CONVERSION = YES;
				CLANG_WARN_DEPRECATED_OBJC_IMPLEMENTATIONS = YES;
				CLANG_WARN_DIRECT_OBJC_ISA_USAGE = YES_ERROR;
				CLANG_WARN_DOCUMENTATION_COMMENTS = YES;
				CLANG_WARN_EMPTY_BODY = YES;
				CLANG_WARN_ENUM_CONVERSION = YES;
				CLANG_WARN_INFINITE_RECURSION = YES;
				CLANG_WARN_INT_CONVERSION = YES;
				CLANG_WARN_NON_LITERAL_NULL_CONVERSION = YES;
				CLANG_WARN_OBJC_IMPLICIT_RETAIN_SELF = YES;
				CLANG_WARN_OBJC_LITERAL_CONVERSION = YES;
				CLANG_WARN_OBJC_ROOT_CLASS = YES_ERROR;
				CLANG_WARN_QUOTED_INCLUDE_IN_FRAMEWORK_HEADER = YES;
				CLANG_WARN_RANGE_LOOP_ANALYSIS = YES;
				CLANG_WARN_STRICT_PROTOTYPES = YES;
				CLANG_WARN_SUSPICIOUS_MOVE = YES;
				CLANG_WARN_UNGUARDED_AVAILABILITY = YES_AGGRESSIVE;
				CLANG_WARN_UNREACHABLE_CODE = YES;
				CLANG_WARN__DUPLICATE_METHOD_MATCH = YES;
				COPY_PHASE_STRIP = NO;
				DEBUG_INFORMATION_FORMAT = "dwarf-with-dsym";
				ENABLE_NS_ASSERTIONS = NO;
				ENABLE_STRICT_OBJC_MSGSEND = YES;
				GCC_C_LANGUAGE_STANDARD = gnu11;
				GCC_NO_COMMON_BLOCKS = YES;
				GCC_WARN_64_TO_32_BIT_CONVERSION = YES;
				GCC_WARN_ABOUT_RETURN_TYPE = YES_ERROR;
				GCC_WARN_UNDECLARED_SELECTOR = YES;
				GCC_WARN_UNINITIALIZED_AUTOS = YES_AGGRESSIVE;
				GCC_WARN_UNUSED_FUNCTION = YES;
				GCC_WARN_UNUSED_VARIABLE = YES;
				IPHONEOS_DEPLOYMENT_TARGET = 16.4;
				MTL_ENABLE_DEBUG_INFO = NO;
				MTL_FAST_MATH = YES;
				SDKROOT = iphoneos;
				SWIFT_COMPILATION_MODE = wholemodule;
				SWIFT_OPTIMIZATION_LEVEL = "-O";
				VALIDATE_PRODUCT = YES;
			};
			name = Release;
		};
		52C1EE8A2A0A415300DD00BD /* Debug */ = {
			isa = XCBuildConfiguration;
			baseConfigurationReference = FABBCC5E225E88971C834968 /* Pods-ExoWeather.debug.xcconfig */;
			buildSettings = {
				ASSETCATALOG_COMPILER_APPICON_NAME = AppIcon;
				ASSETCATALOG_COMPILER_GLOBAL_ACCENT_COLOR_NAME = AccentColor;
				CODE_SIGN_STYLE = Automatic;
				CURRENT_PROJECT_VERSION = 1;
				DEVELOPMENT_TEAM = KDU78Q85UY;
				GENERATE_INFOPLIST_FILE = YES;
				INFOPLIST_FILE = ExoWeather/Info.plist;
				INFOPLIST_KEY_CFBundleDisplayName = ExoWeather;
				INFOPLIST_KEY_LSApplicationCategoryType = "public.app-category.weather";
				INFOPLIST_KEY_UIApplicationSupportsIndirectInputEvents = YES;
				INFOPLIST_KEY_UILaunchStoryboardName = LaunchScreen.storyboard;
				INFOPLIST_KEY_UIMainStoryboardFile = Main;
				INFOPLIST_KEY_UIStatusBarStyle = UIStatusBarStyleLightContent;
				INFOPLIST_KEY_UISupportedInterfaceOrientations = UIInterfaceOrientationPortrait;
				INFOPLIST_KEY_UISupportedInterfaceOrientations_iPad = "UIInterfaceOrientationPortrait UIInterfaceOrientationPortraitUpsideDown";
				IPHONEOS_DEPLOYMENT_TARGET = 15.1;
				LD_RUNPATH_SEARCH_PATHS = (
					"$(inherited)",
					"@executable_path/Frameworks",
				);
				MARKETING_VERSION = 1.0;
				PRODUCT_BUNDLE_IDENTIFIER = com.achrafbt.ExoWeather;
				PRODUCT_NAME = "$(TARGET_NAME)";
				SWIFT_EMIT_LOC_STRINGS = YES;
				SWIFT_VERSION = 5.0;
				TARGETED_DEVICE_FAMILY = "1,2";
			};
			name = Debug;
		};
		52C1EE8B2A0A415300DD00BD /* Release */ = {
			isa = XCBuildConfiguration;
			baseConfigurationReference = EC11153FABB1758364FE7309 /* Pods-ExoWeather.release.xcconfig */;
			buildSettings = {
				ASSETCATALOG_COMPILER_APPICON_NAME = AppIcon;
				ASSETCATALOG_COMPILER_GLOBAL_ACCENT_COLOR_NAME = AccentColor;
				CODE_SIGN_STYLE = Automatic;
				CURRENT_PROJECT_VERSION = 1;
				DEVELOPMENT_TEAM = KDU78Q85UY;
				GENERATE_INFOPLIST_FILE = YES;
				INFOPLIST_FILE = ExoWeather/Info.plist;
				INFOPLIST_KEY_CFBundleDisplayName = ExoWeather;
				INFOPLIST_KEY_LSApplicationCategoryType = "public.app-category.weather";
				INFOPLIST_KEY_UIApplicationSupportsIndirectInputEvents = YES;
				INFOPLIST_KEY_UILaunchStoryboardName = LaunchScreen.storyboard;
				INFOPLIST_KEY_UIMainStoryboardFile = Main;
				INFOPLIST_KEY_UIStatusBarStyle = UIStatusBarStyleLightContent;
				INFOPLIST_KEY_UISupportedInterfaceOrientations = UIInterfaceOrientationPortrait;
				INFOPLIST_KEY_UISupportedInterfaceOrientations_iPad = "UIInterfaceOrientationPortrait UIInterfaceOrientationPortraitUpsideDown";
				IPHONEOS_DEPLOYMENT_TARGET = 15.1;
				LD_RUNPATH_SEARCH_PATHS = (
					"$(inherited)",
					"@executable_path/Frameworks",
				);
				MARKETING_VERSION = 1.0;
				PRODUCT_BUNDLE_IDENTIFIER = com.achrafbt.ExoWeather;
				PRODUCT_NAME = "$(TARGET_NAME)";
				SWIFT_EMIT_LOC_STRINGS = YES;
				SWIFT_VERSION = 5.0;
				TARGETED_DEVICE_FAMILY = "1,2";
			};
			name = Release;
		};
		52C1EE8D2A0A415300DD00BD /* Debug */ = {
			isa = XCBuildConfiguration;
			baseConfigurationReference = 90D61A5ED79671E59191FF24 /* Pods-ExoWeatherTests.debug.xcconfig */;
			buildSettings = {
				ALWAYS_EMBED_SWIFT_STANDARD_LIBRARIES = YES;
				BUNDLE_LOADER = "$(TEST_HOST)";
				CODE_SIGN_STYLE = Automatic;
				CURRENT_PROJECT_VERSION = 1;
				DEVELOPMENT_TEAM = KDU78Q85UY;
				GENERATE_INFOPLIST_FILE = YES;
				IPHONEOS_DEPLOYMENT_TARGET = 16.4;
				MARKETING_VERSION = 1.0;
				PRODUCT_BUNDLE_IDENTIFIER = com.achrafbt.ExoWeatherTests;
				PRODUCT_NAME = "$(TARGET_NAME)";
				SWIFT_EMIT_LOC_STRINGS = NO;
				SWIFT_VERSION = 5.0;
				TARGETED_DEVICE_FAMILY = "1,2";
				TEST_HOST = "$(BUILT_PRODUCTS_DIR)/ExoWeather.app/$(BUNDLE_EXECUTABLE_FOLDER_PATH)/ExoWeather";
			};
			name = Debug;
		};
		52C1EE8E2A0A415300DD00BD /* Release */ = {
			isa = XCBuildConfiguration;
			baseConfigurationReference = 6A95EB849766CBBBEB93983C /* Pods-ExoWeatherTests.release.xcconfig */;
			buildSettings = {
				ALWAYS_EMBED_SWIFT_STANDARD_LIBRARIES = YES;
				BUNDLE_LOADER = "$(TEST_HOST)";
				CODE_SIGN_STYLE = Automatic;
				CURRENT_PROJECT_VERSION = 1;
				DEVELOPMENT_TEAM = KDU78Q85UY;
				GENERATE_INFOPLIST_FILE = YES;
				IPHONEOS_DEPLOYMENT_TARGET = 16.4;
				MARKETING_VERSION = 1.0;
				PRODUCT_BUNDLE_IDENTIFIER = com.achrafbt.ExoWeatherTests;
				PRODUCT_NAME = "$(TARGET_NAME)";
				SWIFT_EMIT_LOC_STRINGS = NO;
				SWIFT_VERSION = 5.0;
				TARGETED_DEVICE_FAMILY = "1,2";
				TEST_HOST = "$(BUILT_PRODUCTS_DIR)/ExoWeather.app/$(BUNDLE_EXECUTABLE_FOLDER_PATH)/ExoWeather";
			};
			name = Release;
		};
		52C1EE902A0A415300DD00BD /* Debug */ = {
			isa = XCBuildConfiguration;
			baseConfigurationReference = 7AED34A653C04D6ACD993D47 /* Pods-ExoWeather-ExoWeatherUITests.debug.xcconfig */;
			buildSettings = {
				ALWAYS_EMBED_SWIFT_STANDARD_LIBRARIES = YES;
				CODE_SIGN_STYLE = Automatic;
				CURRENT_PROJECT_VERSION = 1;
				DEVELOPMENT_TEAM = KDU78Q85UY;
				GENERATE_INFOPLIST_FILE = YES;
				MARKETING_VERSION = 1.0;
				PRODUCT_BUNDLE_IDENTIFIER = com.achrafbt.ExoWeatherUITests;
				PRODUCT_NAME = "$(TARGET_NAME)";
				SWIFT_EMIT_LOC_STRINGS = NO;
				SWIFT_VERSION = 5.0;
				TARGETED_DEVICE_FAMILY = "1,2";
				TEST_TARGET_NAME = ExoWeather;
			};
			name = Debug;
		};
		52C1EE912A0A415300DD00BD /* Release */ = {
			isa = XCBuildConfiguration;
			baseConfigurationReference = 64CF74B92AF22892A179A6FD /* Pods-ExoWeather-ExoWeatherUITests.release.xcconfig */;
			buildSettings = {
				ALWAYS_EMBED_SWIFT_STANDARD_LIBRARIES = YES;
				CODE_SIGN_STYLE = Automatic;
				CURRENT_PROJECT_VERSION = 1;
				DEVELOPMENT_TEAM = KDU78Q85UY;
				GENERATE_INFOPLIST_FILE = YES;
				MARKETING_VERSION = 1.0;
				PRODUCT_BUNDLE_IDENTIFIER = com.achrafbt.ExoWeatherUITests;
				PRODUCT_NAME = "$(TARGET_NAME)";
				SWIFT_EMIT_LOC_STRINGS = NO;
				SWIFT_VERSION = 5.0;
				TARGETED_DEVICE_FAMILY = "1,2";
				TEST_TARGET_NAME = ExoWeather;
			};
			name = Release;
		};
/* End XCBuildConfiguration section */

/* Begin XCConfigurationList section */
		52C1EE5A2A0A415000DD00BD /* Build configuration list for PBXProject "ExoWeather" */ = {
			isa = XCConfigurationList;
			buildConfigurations = (
				52C1EE872A0A415300DD00BD /* Debug */,
				52C1EE882A0A415300DD00BD /* Release */,
			);
			defaultConfigurationIsVisible = 0;
			defaultConfigurationName = Release;
		};
		52C1EE892A0A415300DD00BD /* Build configuration list for PBXNativeTarget "ExoWeather" */ = {
			isa = XCConfigurationList;
			buildConfigurations = (
				52C1EE8A2A0A415300DD00BD /* Debug */,
				52C1EE8B2A0A415300DD00BD /* Release */,
			);
			defaultConfigurationIsVisible = 0;
			defaultConfigurationName = Release;
		};
		52C1EE8C2A0A415300DD00BD /* Build configuration list for PBXNativeTarget "ExoWeatherTests" */ = {
			isa = XCConfigurationList;
			buildConfigurations = (
				52C1EE8D2A0A415300DD00BD /* Debug */,
				52C1EE8E2A0A415300DD00BD /* Release */,
			);
			defaultConfigurationIsVisible = 0;
			defaultConfigurationName = Release;
		};
		52C1EE8F2A0A415300DD00BD /* Build configuration list for PBXNativeTarget "ExoWeatherUITests" */ = {
			isa = XCConfigurationList;
			buildConfigurations = (
				52C1EE902A0A415300DD00BD /* Debug */,
				52C1EE912A0A415300DD00BD /* Release */,
			);
			defaultConfigurationIsVisible = 0;
			defaultConfigurationName = Release;
		};
/* End XCConfigurationList section */
	};
	rootObject = 52C1EE572A0A415000DD00BD /* Project object */;
}
